
Microsoft Visual Studio Solution File, Format Version 12.00
# Visual Studio 15
VisualStudioVersion = 15.0.28307.960
MinimumVisualStudioVersion = 10.0.40219.1
Project("{FAE04EC0-301F-11D3-BF4B-00C04F79EFBC}") = "DripDropApi", "DripDropApi\DripDropApi.csproj", "{A1B1CF00-2AEC-49E6-8351-DF31996E1921}"
EndProject
Global
	GlobalSection(SolutionConfigurationPlatforms) = preSolution
		Debug|Any CPU = Debug|Any CPU
		Release|Any CPU = Release|Any CPU
	EndGlobalSection
	GlobalSection(ProjectConfigurationPlatforms) = postSolution
		{A1B1CF00-2AEC-49E6-8351-DF31996E1921}.Debug|Any CPU.ActiveCfg = Debug|Any CPU
		{A1B1CF00-2AEC-49E6-8351-DF31996E1921}.Debug|Any CPU.Build.0 = Debug|Any CPU
		{A1B1CF00-2AEC-49E6-8351-DF31996E1921}.Release|Any CPU.ActiveCfg = Release|Any CPU
		{A1B1CF00-2AEC-49E6-8351-DF31996E1921}.Release|Any CPU.Build.0 = Release|Any CPU
	EndGlobalSection
	GlobalSection(SolutionProperties) = preSolution
		HideSolutionNode = FALSE
	EndGlobalSection
	GlobalSection(ExtensibilityGlobals) = postSolution
		SolutionGuid = {0CEAF2F1-F725-4A11-8BE6-9F7B9424538C}
	EndGlobalSection
EndGlobal
